
Microsoft Visual Studio Solution File, Format Version 12.00
# Visual Studio 15
VisualStudioVersion = 15.0.26124.0
MinimumVisualStudioVersion = 15.0.26124.0
Project("{2150E333-8FDC-42A3-9474-1A3956D46DE8}") = "src", "src", "{1EB19824-B060-4A4F-8B0F-A89AF035A322}"
EndProject
Project("{FAE04EC0-301F-11D3-BF4B-00C04F79EFBC}") = "CodingMilitia.PlayBall.Auth.Web", "src\CodingMilitia.PlayBall.Auth.Web\CodingMilitia.PlayBall.Auth.Web.csproj", "{88665BD2-BB08-4EE6-8EC5-5CD93D53C389}"
EndProject
Project("{FAE04EC0-301F-11D3-BF4B-00C04F79EFBC}") = "CodingMilitia.PlayBall.Auth.Events", "src\CodingMilitia.PlayBall.Auth.Events\CodingMilitia.PlayBall.Auth.Events.csproj", "{70E25C38-DB76-448A-A16C-EB20260717EE}"
EndProject
Global
	GlobalSection(SolutionConfigurationPlatforms) = preSolution
		Debug|Any CPU = Debug|Any CPU
		Debug|x64 = Debug|x64
		Debug|x86 = Debug|x86
		Release|Any CPU = Release|Any CPU
		Release|x64 = Release|x64
		Release|x86 = Release|x86
	EndGlobalSection
	GlobalSection(SolutionProperties) = preSolution
		HideSolutionNode = FALSE
	EndGlobalSection
	GlobalSection(ProjectConfigurationPlatforms) = postSolution
		{88665BD2-BB08-4EE6-8EC5-5CD93D53C389}.Debug|Any CPU.ActiveCfg = Debug|Any CPU
		{88665BD2-BB08-4EE6-8EC5-5CD93D53C389}.Debug|Any CPU.Build.0 = Debug|Any CPU
		{88665BD2-BB08-4EE6-8EC5-5CD93D53C389}.Debug|x64.ActiveCfg = Debug|Any CPU
		{88665BD2-BB08-4EE6-8EC5-5CD93D53C389}.Debug|x64.Build.0 = Debug|Any CPU
		{88665BD2-BB08-4EE6-8EC5-5CD93D53C389}.Debug|x86.ActiveCfg = Debug|Any CPU
		{88665BD2-BB08-4EE6-8EC5-5CD93D53C389}.Debug|x86.Build.0 = Debug|Any CPU
		{88665BD2-BB08-4EE6-8EC5-5CD93D53C389}.Release|Any CPU.ActiveCfg = Release|Any CPU
		{88665BD2-BB08-4EE6-8EC5-5CD93D53C389}.Release|Any CPU.Build.0 = Release|Any CPU
		{88665BD2-BB08-4EE6-8EC5-5CD93D53C389}.Release|x64.ActiveCfg = Release|Any CPU
		{88665BD2-BB08-4EE6-8EC5-5CD93D53C389}.Release|x64.Build.0 = Release|Any CPU
		{88665BD2-BB08-4EE6-8EC5-5CD93D53C389}.Release|x86.ActiveCfg = Release|Any CPU
		{88665BD2-BB08-4EE6-8EC5-5CD93D53C389}.Release|x86.Build.0 = Release|Any CPU
		{70E25C38-DB76-448A-A16C-EB20260717EE}.Debug|Any CPU.ActiveCfg = Debug|Any CPU
		{70E25C38-DB76-448A-A16C-EB20260717EE}.Debug|Any CPU.Build.0 = Debug|Any CPU
		{70E25C38-DB76-448A-A16C-EB20260717EE}.Debug|x64.ActiveCfg = Debug|Any CPU
		{70E25C38-DB76-448A-A16C-EB20260717EE}.Debug|x64.Build.0 = Debug|Any CPU
		{70E25C38-DB76-448A-A16C-EB20260717EE}.Debug|x86.ActiveCfg = Debug|Any CPU
		{70E25C38-DB76-448A-A16C-EB20260717EE}.Debug|x86.Build.0 = Debug|Any CPU
		{70E25C38-DB76-448A-A16C-EB20260717EE}.Release|Any CPU.ActiveCfg = Release|Any CPU
		{70E25C38-DB76-448A-A16C-EB20260717EE}.Release|Any CPU.Build.0 = Release|Any CPU
		{70E25C38-DB76-448A-A16C-EB20260717EE}.Release|x64.ActiveCfg = Release|Any CPU
		{70E25C38-DB76-448A-A16C-EB20260717EE}.Release|x64.Build.0 = Release|Any CPU
		{70E25C38-DB76-448A-A16C-EB20260717EE}.Release|x86.ActiveCfg = Release|Any CPU
		{70E25C38-DB76-448A-A16C-EB20260717EE}.Release|x86.Build.0 = Release|Any CPU
	EndGlobalSection
	GlobalSection(NestedProjects) = preSolution
		{88665BD2-BB08-4EE6-8EC5-5CD93D53C389} = {1EB19824-B060-4A4F-8B0F-A89AF035A322}
		{70E25C38-DB76-448A-A16C-EB20260717EE} = {1EB19824-B060-4A4F-8B0F-A89AF035A322}
	EndGlobalSection
EndGlobal
